GIT
  remote: https://github.com/metanorma/metanorma-oiml.git
  revision: 78450a5c6a44febb341d3efe05f8db60f5228d76
  specs:
    metanorma-oiml (0.1.0)
      lutaml-model (~> 0.8.0)
      metanorma-document (>= 0.2.5)
      nokogiri (>= 1.13)
      plurimath
      sts (>= 0.1)
      thor (>= 1.2)

GEM
  remote: https://rubygems.org/
  specs:
    ansi (1.6.0)
    ast (2.4.3)
    base64 (0.3.0)
    bcp47_spec (0.2.1)
    bibtex-ruby (6.2.0)
      latex-decode (~> 0.0)
      logger (~> 1.7)
      racc (~> 1.7)
    bigdecimal (4.1.2)
    canon (0.2.12)
      diff-lcs
      json
      moxml (~> 0.1.22)
      nokogiri
      paint
      rainbow
      table_tennis
      thor
      unicode-name
    concurrent-ruby (1.3.7)
    csv (3.3.5)
    date (3.5.1)
    diff-lcs (2.0.0)
    ebnf (2.6.0)
      base64 (~> 0.2)
      htmlentities (~> 4.3)
      rdf (~> 3.3)
      scanf (~> 1.0)
      sxp (~> 2.0)
      unicode-types (~> 1.8)
    ffi (1.17.4-aarch64-linux-gnu)
    ffi (1.17.4-aarch64-linux-musl)
    ffi (1.17.4-arm-linux-gnu)
    ffi (1.17.4-arm-linux-musl)
    ffi (1.17.4-arm64-darwin)
    ffi (1.17.4-x86_64-darwin)
    ffi (1.17.4-x86_64-linux-gnu)
    ffi (1.17.4-x86_64-linux-musl)
    fuzzy_match (2.1.0)
    htmlentities (4.4.2)
    iso639 (1.3.3)
    isoics (0.1.13)
    json (2.21.1)
    latex-decode (0.4.2)
    link_header (0.0.8)
    liquid (5.13.0)
      bigdecimal
      strscan (>= 3.1.1)
    logger (1.7.0)
    lutaml-model (0.8.17)
      base64
      bigdecimal
      canon
      concurrent-ruby
      liquid (>= 4.0, < 6.0)
      moxml (~> 0.1.23)
      ostruct
      rubyzip (~> 2.3)
      thor
    matrix (0.4.3)
    memo_wise (1.13.0)
    metanorma-document (0.2.12)
      lutaml-model (~> 0.8.0)
      pubid (~> 2.0.0.pre.alpha)
      relaton-bib (~> 2.1)
    mml (2.4.0)
      lutaml-model (~> 0.8.0)
      moxml
    moxml (0.1.25)
    nokogiri (1.19.4-aarch64-linux-gnu)
      racc (~> 1.4)
    nokogiri (1.19.4-aarch64-linux-musl)
      racc (~> 1.4)
    nokogiri (1.19.4-arm-linux-gnu)
      racc (~> 1.4)
    nokogiri (1.19.4-arm-linux-musl)
      racc (~> 1.4)
    nokogiri (1.19.4-arm64-darwin)
      racc (~> 1.4)
    nokogiri (1.19.4-x86_64-darwin)
      racc (~> 1.4)
    nokogiri (1.19.4-x86_64-linux-gnu)
      racc (~> 1.4)
    nokogiri (1.19.4-x86_64-linux-musl)
      racc (~> 1.4)
    oga (3.5)
      ast
      ruby-ll (~> 2.2)
    omml (0.2.5)
      lutaml-model (>= 0.8.0, < 1.0)
      moxml (>= 0.1.18, < 0.2)
      oga (~> 3.4)
      ox (~> 2.14)
    ostruct (0.6.3)
    ox (2.14.28)
      bigdecimal (>= 3.0)
    paint (2.3.0)
    parslet (2.0.0)
    plurimath (0.11.6)
      bigdecimal
      htmlentities
      lutaml-model (~> 0.8.17)
      mml (~> 2.4.0)
      omml (~> 0.2.5)
      ostruct
      ox
      parslet
      thor
      unitsml (~> 0.6.4)
    psych (5.2.6)
      date
      stringio
    pubid (2.0.0.pre.alpha.8)
      lutaml-model
      parslet
    racc (1.8.1)
    rainbow (3.1.1)
    rdf (3.3.1)
      bcp47_spec (~> 0.2)
      link_header (~> 0.0, >= 0.0.8)
    rdf-turtle (3.3.0)
      ebnf (~> 2.4)
      rdf (~> 3.3)
    relaton-bib (2.2.0.pre.alpha.1)
      bibtex-ruby
      iso639
      isoics (~> 0.1.0)
      lutaml-model (~> 0.8.0)
      nokogiri (>= 1.16)
      psych (~> 5.2.0)
      relaton-core (~> 2.2.0.pre.alpha.1)
      relaton-logger (~> 2.2.0.pre.alpha.1)
      rfcxml (~> 0.4.3)
    relaton-core (2.2.0.pre.alpha.1)
      nokogiri (>= 1.16)
      psych (~> 5.2.0)
      relaton-logger (~> 2.2.0.pre.alpha.1)
    relaton-logger (2.2.0.pre.alpha.1)
      logger (~> 1.6)
    rfcxml (0.4.4)
      lutaml-model (~> 0.8.0)
      nokogiri
    ruby-ll (2.2.0)
      ansi
      ast
    rubyzip (2.4.1)
    scanf (1.0.0)
    stringio (3.2.0)
    strscan (3.1.8)
    sts (0.5.7)
      bigdecimal
      lutaml-model (~> 0.8.0)
      mml (~> 2.4.0)
    sxp (2.0.0)
      matrix (~> 0.4)
      rdf (~> 3.3)
    table_tennis (0.0.7)
      csv (~> 3.3)
      ffi (~> 1.17)
      memo_wise (~> 1.11)
      paint (~> 2.3)
      unicode-display_width (~> 3.1)
    thor (1.5.0)
    unicode-display_width (3.2.0)
      unicode-emoji (~> 4.1)
    unicode-emoji (4.2.0)
    unicode-name (1.14.0)
      unicode-types (~> 1.11)
    unicode-types (1.11.0)
    unitsdb (2.2.4)
      fuzzy_match
      logger
      lutaml-model (~> 0.8.0)
      rdf (~> 3.1)
      rdf-turtle (~> 3.1)
      rubyzip (~> 2.3)
      table_tennis (~> 0.0.7)
      thor (~> 1.0)
    unitsml (0.6.8)
      htmlentities
      lutaml-model (~> 0.8.0)
      mml (~> 2.4.0)
      ox
      parslet
      unitsdb (~> 2.2.4)

PLATFORMS
  aarch64-linux-gnu
  aarch64-linux-musl
  arm-linux-gnu
  arm-linux-musl
  arm64-darwin
  x86_64-darwin
  x86_64-linux-gnu
  x86_64-linux-musl

DEPENDENCIES
  metanorma-document (~> 0.2.12)
  metanorma-oiml!
  mml
  pubid (~> 2.0.0.pre.alpha)
  relaton-bib (= 2.2.0.pre.alpha.1)

CHECKSUMS
  ansi (1.6.0) sha256=ac9ea0c0ea8d32fb4e271348e609963ac78882f34b73836c2a02b3622e666658
  ast (2.4.3) sha256=954615157c1d6a382bc27d690d973195e79db7f55e9765ac7c481c60bdb4d383
  base64 (0.3.0) sha256=27337aeabad6ffae05c265c450490628ef3ebd4b67be58257393227588f5a97b
  bcp47_spec (0.2.1) sha256=3fd62edf96c126bd9624e4319ac74082a966081859d1ee0ef3c3041640a37810
  bibtex-ruby (6.2.0) sha256=d610eba78d6adf503a843daf144644449fb34e7c3f4a75e9ab67fae5dfd7c69a
  bigdecimal (4.1.2) sha256=53d217666027eab4280346fba98e7d5b66baaae1b9c3c1c0ffe89d48188a3fbd
  canon (0.2.12) sha256=9b87514fbf6c0f9f28d1e2746ea5837b08e24e50c30751dba27a89f86e8709af
  concurrent-ruby (1.3.7) sha256=4412caec3a5ea2e5fdc52076724c071a81f2c0593d83b2ac8cbb8ca63b3151b0
  csv (3.3.5) sha256=6e5134ac3383ef728b7f02725d9872934f523cb40b961479f69cf3afa6c8e73f
  date (3.5.1) sha256=750d06384d7b9c15d562c76291407d89e368dda4d4fff957eb94962d325a0dc0
  diff-lcs (2.0.0) sha256=708a5d52ec2945b50f8f53a181174aa1ef2c496edf81c05957fe956dabb363d5
  ebnf (2.6.0) sha256=e746a316caa885cc45e243dc33efc194943956760bc9bc13948de1732fbcf63e
  ffi (1.17.4-aarch64-linux-gnu) sha256=b208f06f91ffd8f5e1193da3cae3d2ccfc27fc36fba577baf698d26d91c080df
  ffi (1.17.4-aarch64-linux-musl) sha256=9286b7a615f2676245283aef0a0a3b475ae3aae2bb5448baace630bb77b91f39
  ffi (1.17.4-arm-linux-gnu) sha256=d6dbddf7cb77bf955411af5f187a65b8cd378cb003c15c05697f5feee1cb1564
  ffi (1.17.4-arm-linux-musl) sha256=9d4838ded0465bef6e2426935f6bcc93134b6616785a84ffd2a3d82bc3cf6f95
  ffi (1.17.4-arm64-darwin) sha256=19071aaf1419251b0a46852abf960e77330a3b334d13a4ab51d58b31a937001b
  ffi (1.17.4-x86_64-darwin) sha256=aa70390523cf3235096cf64962b709b4cfbd5c082a2cb2ae714eb0fe2ccda496
  ffi (1.17.4-x86_64-linux-gnu) sha256=9d3db14c2eae074b382fa9c083fe95aec6e0a1451da249eab096c34002bc752d
  ffi (1.17.4-x86_64-linux-musl) sha256=3fdf9888483de005f8ef8d1cf2d3b20d86626af206cbf780f6a6a12439a9c49e
  fuzzy_match (2.1.0) sha256=e97e25d0eaee48a5f77ed970d007c7b6ff3c6a6858303fead2d1986859204dfc
  htmlentities (4.4.2) sha256=bbafbdf69f2eca9262be4efef7e43e6a1de54c95eb600f26984f71d2fe96c5c3
  iso639 (1.3.3) sha256=ba9ec9df124b250dbc21b8d4dc74266a0d06fc58e25104916b1864b14b8f1eac
  isoics (0.1.13) sha256=57d3a1e30817e03fe8e2442bf62ec5b17e101bae0eea2c0f507030fe834c7482
  json (2.21.1) sha256=13a43df75d95641443f5702dff350f237164a9d811ff0f2c2800d4d980220583
  latex-decode (0.4.2) sha256=e85633406e315e348e0ca6de231dee1bf45a22496b0866059c635f7502c2a592
  link_header (0.0.8) sha256=15c65ce43b29f739b30d05e5f25c22c23797e89cf6f905dbb595fb4c70cb55f9
  liquid (5.13.0) sha256=09d594fd96b98e19a8fd5c32aadcc6950df429b69f48c2f774c0db0ce272bf19
  logger (1.7.0) sha256=196edec7cc44b66cfb40f9755ce11b392f21f7967696af15d274dde7edff0203
  lutaml-model (0.8.17) sha256=9870b09574fc6f4fec837d6fcc5d2ea9b0295c7c18bdedea29bd435762f8bf7e
  matrix (0.4.3) sha256=a0d5ab7ddcc1973ff690ab361b67f359acbb16958d1dc072b8b956a286564c5b
  memo_wise (1.13.0) sha256=30220c38c4cef410849bc73553c58664dc2c91c6379e4a1df22aea02358b716b
  metanorma-document (0.2.12) sha256=b5cc50545e047b19b565acc67e4252053dc790cd32dc1cfe2f19425fc158dde6
  metanorma-oiml (0.1.0)
  mml (2.4.0) sha256=0706b461185c9eb0f171996a7fc5bbf0927de659e8c2dd78cc969401096bb32d
  moxml (0.1.25) sha256=9cec15d56fc0e82d21f5a612cbd29d4e9812fbf2823f68de0b474548d6567afc
  nokogiri (1.19.4-aarch64-linux-gnu) sha256=1269fb644a6de405057a53dd5c762b1209b43ca7424f839454d3dbc677c31a8f
  nokogiri (1.19.4-aarch64-linux-musl) sha256=35c65b9ce72b3bb03207bdbe7067915019dc18c1b9b59139684bd6690fdd01af
  nokogiri (1.19.4-arm-linux-gnu) sha256=a301313e38bb065d68239e79734bcd6f56fb6efaacebde29e9abf2a4735340ca
  nokogiri (1.19.4-arm-linux-musl) sha256=588923c101bcfa78869734d247d25b598674323e7f22474fc468f6e5647311eb
  nokogiri (1.19.4-arm64-darwin) sha256=a46db9853286e6597b36ebc6953817d15acf3a299583eb3f89fdc6f91dd63527
  nokogiri (1.19.4-x86_64-darwin) sha256=7fd17057d3e1f00e9954a74b3cd76595d3d4a5ef233b7ed9599047c204f70551
  nokogiri (1.19.4-x86_64-linux-gnu) sha256=379fae440b28915e3f19d752ce2dcf8465ed2b2fbefd2a7ca0dd497bc981a06a
  nokogiri (1.19.4-x86_64-linux-musl) sha256=17dfb7c1fa194ae02fbf7c51a7afc8d278045ab3fdacfd86f91d02d7b274470b
  oga (3.5) sha256=2b65fe1dd192c01079f93748a04a7a8011369e4c99ea1c7e73f4a037e3229353
  omml (0.2.5) sha256=40753bf7b70dcb62d7a8503d4348d740e5a9dc30791c0e6983ddff641db6e174
  ostruct (0.6.3) sha256=95a2ed4a4bd1d190784e666b47b2d3f078e4a9efda2fccf18f84ddc6538ed912
  ox (2.14.28) sha256=0b0bf5a1076a747a65d6ae99c6ffb1a9b03d021d08ae26d4e387f5040486b32d
  paint (2.3.0) sha256=327d623e4038619d5bd99ae5db07973859cd78400c7f0329eea283cef8e83be5
  parslet (2.0.0) sha256=d45130695d39b43d7e6a91f4d2ec66b388a8d822bae38de9b4de9a5fbde1f606
  plurimath (0.11.6) sha256=729753c27d1f80871900b6e37baa00ff964b55a2649a0c152d6b5637b3335b41
  psych (5.2.6) sha256=814328aa5dcb6d604d32126a20bc1cbcf05521a5b49dbb1a8b30a07e580f316e
  pubid (2.0.0.pre.alpha.8) sha256=6349b88896f100fca365fae56338426ae22e07f20b539f053968cb8bdc1a6609
  racc (1.8.1) sha256=4a7f6929691dbec8b5209a0b373bc2614882b55fc5d2e447a21aaa691303d62f
  rainbow (3.1.1) sha256=039491aa3a89f42efa1d6dec2fc4e62ede96eb6acd95e52f1ad581182b79bc6a
  rdf (3.3.1) sha256=dda6a2c95198915fc63d66ee270e35d4a76d431720747a2cf97ecd92062fa150
  rdf-turtle (3.3.0) sha256=10320428670be3510364195e68e365b888c458c4a462cfc8c28cdffccc64f699
  relaton-bib (2.2.0.pre.alpha.1) sha256=bb9f3c926449a57432859e2a7dff0c8462f957dd327de0f7d7aa7ccdbe82a1c2
  relaton-core (2.2.0.pre.alpha.1) sha256=af5310cc0b481fc1ba875e5c41cad5a67c10c3c03abd9f4c50d7b64cdb09a4f2
  relaton-logger (2.2.0.pre.alpha.1) sha256=70f22fa8c5b16a219ed1d6c241c07016fefaec2205e2d479131f6ae9bff1eae4
  rfcxml (0.4.4) sha256=c338de6822d167d3ed8c71663e33feecc36844875436257eb7174bf2e9d32cb8
  ruby-ll (2.2.0) sha256=f8811ae1dfc77d6d95033a615aacb6ab8e93fb9f421fefe75107b077dc9ab588
  rubyzip (2.4.1) sha256=8577c88edc1fde8935eb91064c5cb1aef9ad5494b940cf19c775ee833e075615
  scanf (1.0.0) sha256=533db7f7e5acafea1a145d6c5329cef667a58fbcb7d64379a808ff1199ee1b00
  stringio (3.2.0) sha256=c37cb2e58b4ffbd33fe5cd948c05934af997b36e0b6ca6fdf43afa234cf222e1
  strscan (3.1.8) sha256=aae2db611a225559f21ffbb71765c9a4e60fd262534a9ea84f4f11c7f32f679e
  sts (0.5.7) sha256=9d9fbcc5f4fd65c6825505c1db000be6aa56f5aab0fa5dfaccb4bc38c29a6a19
  sxp (2.0.0) sha256=79971bbab54a82fe4a861332475eb8c1f33142d70f2b7e830dacbd9082824721
  table_tennis (0.0.7) sha256=b45b50dc7714e3bea5b31d2ad2b7d6bdc2995fc7a686976017c17424e1094a28
  thor (1.5.0) sha256=e3a9e55fe857e44859ce104a84675ab6e8cd59c650a49106a05f55f136425e73
  unicode-display_width (3.2.0) sha256=0cdd96b5681a5949cdbc2c55e7b420facae74c4aaf9a9815eee1087cb1853c42
  unicode-emoji (4.2.0) sha256=519e69150f75652e40bf736106cfbc8f0f73aa3fb6a65afe62fefa7f80b0f80f
  unicode-name (1.14.0) sha256=b350dcdeb503748c8ad05c472e8078570fbf3231a73be53431c15db10bbedbdd
  unicode-types (1.11.0) sha256=81d1201273260fa89b85471e7eebb93a51bb4e5f078a525508dcae7835d176f9
  unitsdb (2.2.4) sha256=ba95878db47338fe9355f59f2bd388e71e06b7a9c9d3bf890482fd3d76352869
  unitsml (0.6.8) sha256=e542cc068f8a5a74dda8d2c355f0e6f6247838c74369cf92546a4dd3a78ab52b

BUNDLED WITH
  4.0.16
